// !$*UTF8*$!
{
	archiveVersion = 1;
	classes = {
	};
	objectVersion = 56;
	objects = {

/* Begin PBXBuildFile section */
		E9F1E47629AE8F200033E29C /* AppDelegate.swift in Sources */ = {isa = PBXBuildFile; fileRef = E9F1E47529AE8F200033E29C /* AppDelegate.swift */; };
		E9F1E47829AE8F200033E29C /* SceneDelegate.swift in Sources */ = {isa = PBXBuildFile; fileRef = E9F1E47729AE8F200033E29C /* SceneDelegate.swift */; };
		E9F1E47A29AE8F200033E29C /* ViewController.swift in Sources */ = {isa = PBXBuildFile; fileRef = E9F1E47929AE8F200033E29C /* ViewController.swift */; };
		E9F1E47D29AE8F200033E29C /* Main.storyboard in Resources */ = {isa = PBXBuildFile; fileRef = E9F1E47B29AE8F200033E29C /* Main.storyboard */; };
		E9F1E47F29AE8F210033E29C /* Assets.xcassets in Resources */ = {isa = PBXBuildFile; fileRef = E9F1E47E29AE8F210033E29C /* Assets.xcassets */; };
		E9F1E48229AE8F210033E29C /* LaunchScreen.storyboard in Resources */ = {isa = PBXBuildFile; fileRef = E9F1E48029AE8F210033E29C /* LaunchScreen.storyboard */; };
		E9F1E48D29AE8F210033E29C /* trustWalletChallengeTests.swift in Sources */ = {isa = PBXBuildFile; fileRef = E9F1E48C29AE8F210033E29C /* trustWalletChallengeTests.swift */; };
		E9F1E49729AE8F210033E29C /* trustWalletChallengeUITests.swift in Sources */ = {isa = PBXBuildFile; fileRef = E9F1E49629AE8F210033E29C /* trustWalletChallengeUITests.swift */; };
		E9F1E49929AE8F210033E29C /* trustWalletChallengeUITestsLaunchTests.swift in Sources */ = {isa = PBXBuildFile; fileRef = E9F1E49829AE8F210033E29C /* trustWalletChallengeUITestsLaunchTests.swift */; };
/* End PBXBuildFile section */

/* Begin PBXContainerItemProxy section */
		E9F1E48929AE8F210033E29C /* PBXContainerItemProxy */ = {
			isa = PBXContainerItemProxy;
			containerPortal = E9F1E46A29AE8F200033E29C /* Project object */;
			proxyType = 1;
			remoteGlobalIDString = E9F1E47129AE8F200033E29C;
			remoteInfo = trustWalletChallenge;
		};
		E9F1E49329AE8F210033E29C /* PBXContainerItemProxy */ = {
			isa = PBXContainerItemProxy;
			containerPortal = E9F1E46A29AE8F200033E29C /* Project object */;
			proxyType = 1;
			remoteGlobalIDString = E9F1E47129AE8F200033E29C;
			remoteInfo = trustWalletChallenge;
		};
/* End PBXContainerItemProxy section */

/* Begin PBXFileReference section */
		E9F1E47229AE8F200033E29C /* trustWalletChallenge.app */ = {isa = PBXFileReference; explicitFileType = wrapper.application; includeInIndex = 0; path = trustWalletChallenge.app; sourceTree = BUILT_PRODUCTS_DIR; };
		E9F1E47529AE8F200033E29C /* AppDelegate.swift */ = {isa = PBXFileReference; lastKnownFileType = sourcecode.swift; path = AppDelegate.swift; sourceTree = "<group>"; };
		E9F1E47729AE8F200033E29C /* SceneDelegate.swift */ = {isa = PBXFileReference; lastKnownFileType = sourcecode.swift; path = SceneDelegate.swift; sourceTree = "<group>"; };
		E9F1E47929AE8F200033E29C /* ViewController.swift */ = {isa = PBXFileReference; lastKnownFileType = sourcecode.swift; path = ViewController.swift; sourceTree = "<group>"; };
		E9F1E47C29AE8F200033E29C /* Base */ = {isa = PBXFileReference; lastKnownFileType = file.storyboard; name = Base; path = Base.lproj/Main.storyboard; sourceTree = "<group>"; };
		E9F1E47E29AE8F210033E29C /* Assets.xcassets */ = {isa = PBXFileReference; lastKnownFileType = folder.assetcatalog; path = Assets.xcassets; sourceTree = "<group>"; };
		E9F1E48129AE8F210033E29C /* Base */ = {isa = PBXFileReference; lastKnownFileType = file.storyboard; name = Base; path = Base.lproj/LaunchScreen.storyboard; sourceTree = "<group>"; };
		E9F1E48329AE8F210033E29C /* Info.plist */ = {isa = PBXFileReference; lastKnownFileType = text.plist.xml; path = Info.plist; sourceTree = "<group>"; };
		E9F1E48829AE8F210033E29C /* trustWalletChallengeTests.xctest */ = {isa = PBXFileReference; explicitFileType = wrapper.cfbundle; includeInIndex = 0; path = trustWalletChallengeTests.xctest; sourceTree = BUILT_PRODUCTS_DIR; };
		E9F1E48C29AE8F210033E29C /* trustWalletChallengeTests.swift */ = {isa = PBXFileReference; lastKnownFileType = sourcecode.swift; path = trustWalletChallengeTests.swift; sourceTree = "<group>"; };
		E9F1E49229AE8F210033E29C /* trustWalletChallengeUITests.xctest */ = {isa = PBXFileReference; explicitFileType = wrapper.cfbundle; includeInIndex = 0; path = trustWalletChallengeUITests.xctest; sourceTree = BUILT_PRODUCTS_DIR; };
		E9F1E49629AE8F210033E29C /* trustWalletChallengeUITests.swift */ = {isa = PBXFileReference; lastKnownFileType = sourcecode.swift; path = trustWalletChallengeUITests.swift; sourceTree = "<group>"; };
		E9F1E49829AE8F210033E29C /* trustWalletChallengeUITestsLaunchTests.swift */ = {isa = PBXFileReference; lastKnownFileType = sourcecode.swift; path = trustWalletChallengeUITestsLaunchTests.swift; sourceTree = "<group>"; };
/* End PBXFileReference section */

/* Begin PBXFrameworksBuildPhase section */
		E9F1E46F29AE8F200033E29C /* Frameworks */ = {
			isa = PBXFrameworksBuildPhase;
			buildActionMask = 2147483647;
			files = (
			);
			runOnlyForDeploymentPostprocessing = 0;
		};
		E9F1E48529AE8F210033E29C /* Frameworks */ = {
			isa = PBXFrameworksBuildPhase;
			buildActionMask = 2147483647;
			files = (
			);
			runOnlyForDeploymentPostprocessing = 0;
		};
		E9F1E48F29AE8F210033E29C /* Frameworks */ = {
			isa = PBXFrameworksBuildPhase;
			buildActionMask = 2147483647;
			files = (
			);
			runOnlyForDeploymentPostprocessing = 0;
		};
/* End PBXFrameworksBuildPhase section */

/* Begin PBXGroup section */
		E9F1E46929AE8F200033E29C = {
			isa = PBXGroup;
			children = (
				E9F1E47429AE8F200033E29C /* trustWalletChallenge */,
				E9F1E48B29AE8F210033E29C /* trustWalletChallengeTests */,
				E9F1E49529AE8F210033E29C /* trustWalletChallengeUITests */,
				E9F1E47329AE8F200033E29C /* Products */,
			);
			sourceTree = "<group>";
		};
		E9F1E47329AE8F200033E29C /* Products */ = {
			isa = PBXGroup;
			children = (
				E9F1E47229AE8F200033E29C /* trustWalletChallenge.app */,
				E9F1E48829AE8F210033E29C /* trustWalletChallengeTests.xctest */,
				E9F1E49229AE8F210033E29C /* trustWalletChallengeUITests.xctest */,
			);
			name = Products;
			sourceTree = "<group>";
		};
		E9F1E47429AE8F200033E29C /* trustWalletChallenge */ = {
			isa = PBXGroup;
			children = (
				E9F1E47529AE8F200033E29C /* AppDelegate.swift */,
				E9F1E47729AE8F200033E29C /* SceneDelegate.swift */,
				E9F1E47929AE8F200033E29C /* ViewController.swift */,
				E9F1E47B29AE8F200033E29C /* Main.storyboard */,
				E9F1E47E29AE8F210033E29C /* Assets.xcassets */,
				E9F1E48029AE8F210033E29C /* LaunchScreen.storyboard */,
				E9F1E48329AE8F210033E29C /* Info.plist */,
			);
			path = trustWalletChallenge;
			sourceTree = "<group>";
		};
		E9F1E48B29AE8F210033E29C /* trustWalletChallengeTests */ = {
			isa = PBXGroup;
			children = (
				E9F1E48C29AE8F210033E29C /* trustWalletChallengeTests.swift */,
			);
			path = trustWalletChallengeTests;
			sourceTree = "<group>";
		};
		E9F1E49529AE8F210033E29C /* trustWalletChallengeUITests */ = {
			isa = PBXGroup;
			children = (
				E9F1E49629AE8F210033E29C /* trustWalletChallengeUITests.swift */,
				E9F1E49829AE8F210033E29C /* trustWalletChallengeUITestsLaunchTests.swift */,
			);
			path = trustWalletChallengeUITests;
			sourceTree = "<group>";
		};
/* End PBXGroup section */

/* Begin PBXNativeTarget section */
		E9F1E47129AE8F200033E29C /* trustWalletChallenge */ = {
			isa = PBXNativeTarget;
			buildConfigurationList = E9F1E49C29AE8F210033E29C /* Build configuration list for PBXNativeTarget "trustWalletChallenge" */;
			buildPhases = (
				E9F1E46E29AE8F200033E29C /* Sources */,
				E9F1E46F29AE8F200033E29C /* Frameworks */,
				E9F1E47029AE8F200033E29C /* Resources */,
			);
			buildRules = (
			);
			dependencies = (
			);
			name = trustWalletChallenge;
			productName = trustWalletChallenge;
			productReference = E9F1E47229AE8F200033E29C /* trustWalletChallenge.app */;
			productType = "com.apple.product-type.application";
		};
		E9F1E48729AE8F210033E29C /* trustWalletChallengeTests */ = {
			isa = PBXNativeTarget;
			buildConfigurationList = E9F1E49F29AE8F210033E29C /* Build configuration list for PBXNativeTarget "trustWalletChallengeTests" */;
			buildPhases = (
				E9F1E48429AE8F210033E29C /* Sources */,
				E9F1E48529AE8F210033E29C /* Frameworks */,
				E9F1E48629AE8F210033E29C /* Resources */,
			);
			buildRules = (
			);
			dependencies = (
				E9F1E48A29AE8F210033E29C /* PBXTargetDependency */,
			);
			name = trustWalletChallengeTests;
			productName = trustWalletChallengeTests;
			productReference = E9F1E48829AE8F210033E29C /* trustWalletChallengeTests.xctest */;
			productType = "com.apple.product-type.bundle.unit-test";
		};
		E9F1E49129AE8F210033E29C /* trustWalletChallengeUITests */ = {
			isa = PBXNativeTarget;
			buildConfigurationList = E9F1E4A229AE8F210033E29C /* Build configuration list for PBXNativeTarget "trustWalletChallengeUITests" */;
			buildPhases = (
				E9F1E48E29AE8F210033E29C /* Sources */,
				E9F1E48F29AE8F210033E29C /* Frameworks */,
				E9F1E49029AE8F210033E29C /* Resources */,
			);
			buildRules = (
			);
			dependencies = (
				E9F1E49429AE8F210033E29C /* PBXTargetDependency */,
			);
			name = trustWalletChallengeUITests;
			productName = trustWalletChallengeUITests;
			productReference = E9F1E49229AE8F210033E29C /* trustWalletChallengeUITests.xctest */;
			productType = "com.apple.product-type.bundle.ui-testing";
		};
/* End PBXNativeTarget section */

/* Begin PBXProject section */
		E9F1E46A29AE8F200033E29C /* Project object */ = {
			isa = PBXProject;
			attributes = {
				BuildIndependentTargetsInParallel = 1;
				LastSwiftUpdateCheck = 1400;
				LastUpgradeCheck = 1400;
				TargetAttributes = {
					E9F1E47129AE8F200033E29C = {
						CreatedOnToolsVersion = 14.0.1;
					};
					E9F1E48729AE8F210033E29C = {
						CreatedOnToolsVersion = 14.0.1;
						TestTargetID = E9F1E47129AE8F200033E29C;
					};
					E9F1E49129AE8F210033E29C = {
						CreatedOnToolsVersion = 14.0.1;
						TestTargetID = E9F1E47129AE8F200033E29C;
					};
				};
			};
			buildConfigurationList = E9F1E46D29AE8F200033E29C /* Build configuration list for PBXProject "trustWalletChallenge" */;
			compatibilityVersion = "Xcode 14.0";
			developmentRegion = en;
			hasScannedForEncodings = 0;
			knownRegions = (
				en,
				Base,
			);
			mainGroup = E9F1E46929AE8F200033E29C;
			productRefGroup = E9F1E47329AE8F200033E29C /* Products */;
			projectDirPath = "";
			projectRoot = "";
			targets = (
				E9F1E47129AE8F200033E29C /* trustWalletChallenge */,
				E9F1E48729AE8F210033E29C /* trustWalletChallengeTests */,
				E9F1E49129AE8F210033E29C /* trustWalletChallengeUITests */,
			);
		};
/* End PBXProject section */

/* Begin PBXResourcesBuildPhase section */
		E9F1E47029AE8F200033E29C /* Resources */ = {
			isa = PBXResourcesBuildPhase;
			buildActionMask = 2147483647;
			files = (
				E9F1E48229AE8F210033E29C /* LaunchScreen.storyboard in Resources */,
				E9F1E47F29AE8F210033E29C /* Assets.xcassets in Resources */,
				E9F1E47D29AE8F200033E29C /* Main.storyboard in Resources */,
			);
			runOnlyForDeploymentPostprocessing = 0;
		};
		E9F1E48629AE8F210033E29C /* Resources */ = {
			isa = PBXResourcesBuildPhase;
			buildActionMask = 2147483647;
			files = (
			);
			runOnlyForDeploymentPostprocessing = 0;
		};
		E9F1E49029AE8F210033E29C /* Resources */ = {
			isa = PBXResourcesBuildPhase;
			buildActionMask = 2147483647;
			files = (
			);
			runOnlyForDeploymentPostprocessing = 0;
		};
/* End PBXResourcesBuildPhase section */

/* Begin PBXSourcesBuildPhase section */
		E9F1E46E29AE8F200033E29C /* Sources */ = {
			isa = PBXSourcesBuildPhase;
			buildActionMask = 2147483647;
			files = (
				E9F1E47A29AE8F200033E29C /* ViewController.swift in Sources */,
				E9F1E47629AE8F200033E29C /* AppDelegate.swift in Sources */,
				E9F1E47829AE8F200033E29C /* SceneDelegate.swift in Sources */,
			);
			runOnlyForDeploymentPostprocessing = 0;
		};
		E9F1E48429AE8F210033E29C /* Sources */ = {
			isa = PBXSourcesBuildPhase;
			buildActionMask = 2147483647;
			files = (
				E9F1E48D29AE8F210033E29C /* trustWalletChallengeTests.swift in Sources */,
			);
			runOnlyForDeploymentPostprocessing = 0;
		};
		E9F1E48E29AE8F210033E29C /* Sources */ = {
			isa = PBXSourcesBuildPhase;
			buildActionMask = 2147483647;
			files = (
				E9F1E49929AE8F210033E29C /* trustWalletChallengeUITestsLaunchTests.swift in Sources */,
				E9F1E49729AE8F210033E29C /* trustWalletChallengeUITests.swift in Sources */,
			);
			runOnlyForDeploymentPostprocessing = 0;
		};
/* End PBXSourcesBuildPhase section */

/* Begin PBXTargetDependency section */
		E9F1E48A29AE8F210033E29C /* PBXTargetDependency */ = {
			isa = PBXTargetDependency;
			target = E9F1E47129AE8F200033E29C /* trustWalletChallenge */;
			targetProxy = E9F1E48929AE8F210033E29C /* PBXContainerItemProxy */;
		};
		E9F1E49429AE8F210033E29C /* PBXTargetDependency */ = {
			isa = PBXTargetDependency;
			target = E9F1E47129AE8F200033E29C /* trustWalletChallenge */;
			targetProxy = E9F1E49329AE8F210033E29C /* PBXContainerItemProxy */;
		};
/* End PBXTargetDependency section */

/* Begin PBXVariantGroup section */
		E9F1E47B29AE8F200033E29C /* Main.storyboard */ = {
			isa = PBXVariantGroup;
			children = (
				E9F1E47C29AE8F200033E29C /* Base */,
			);
			name = Main.storyboard;
			sourceTree = "<group>";
		};
		E9F1E48029AE8F210033E29C /* LaunchScreen.storyboard */ = {
			isa = PBXVariantGroup;
			children = (
				E9F1E48129AE8F210033E29C /* Base */,
			);
			name = LaunchScreen.storyboard;
			sourceTree = "<group>";
		};
/* End PBXVariantGroup section */

/* Begin XCBuildConfiguration section */
		E9F1E49A29AE8F210033E29C /* Debug */ = {
			isa = XCBuildConfiguration;
			buildSettings = {
				ALWAYS_SEARCH_USER_PATHS = NO;
				CLANG_ANALYZER_NONNULL = YES;
				CLANG_ANALYZER_NUMBER_OBJECT_CONVERSION = YES_AGGRESSIVE;
				CLANG_CXX_LANGUAGE_STANDARD = "gnu++20";
				CLANG_ENABLE_MODULES = YES;
				CLANG_ENABLE_OBJC_ARC = YES;
				CLANG_ENABLE_OBJC_WEAK = YES;
				CLANG_WARN_BLOCK_CAPTURE_AUTORELEASING = YES;
				CLANG_WARN_BOOL_CONVERSION = YES;
				CLANG_WARN_COMMA = YES;
				CLANG_WARN_CONSTANT_CONVERSION = YES;
				CLANG_WARN_DEPRECATED_OBJC_IMPLEMENTATIONS = YES;
				CLANG_WARN_DIRECT_OBJC_ISA_USAGE = YES_ERROR;
				CLANG_WARN_DOCUMENTATION_COMMENTS = YES;
				CLANG_WARN_EMPTY_BODY = YES;
				CLANG_WARN_ENUM_CONVERSION = YES;
				CLANG_WARN_INFINITE_RECURSION = YES;
				CLANG_WARN_INT_CONVERSION = YES;
				CLANG_WARN_NON_LITERAL_NULL_CONVERSION = YES;
				CLANG_WARN_OBJC_IMPLICIT_RETAIN_SELF = YES;
				CLANG_WARN_OBJC_LITERAL_CONVERSION = YES;
				CLANG_WARN_OBJC_ROOT_CLASS = YES_ERROR;
				CLANG_WARN_QUOTED_INCLUDE_IN_FRAMEWORK_HEADER = YES;
				CLANG_WARN_RANGE_LOOP_ANALYSIS = YES;
				CLANG_WARN_STRICT_PROTOTYPES = YES;
				CLANG_WARN_SUSPICIOUS_MOVE = YES;
				CLANG_WARN_UNGUARDED_AVAILABILITY = YES_AGGRESSIVE;
				CLANG_WARN_UNREACHABLE_CODE = YES;
				CLANG_WARN__DUPLICATE_METHOD_MATCH = YES;
				COPY_PHASE_STRIP = NO;
				DEBUG_INFORMATION_FORMAT = dwarf;
				ENABLE_STRICT_OBJC_MSGSEND = YES;
				ENABLE_TESTABILITY = YES;
				GCC_C_LANGUAGE_STANDARD = gnu11;
				GCC_DYNAMIC_NO_PIC = NO;
				GCC_NO_COMMON_BLOCKS = YES;
				GCC_OPTIMIZATION_LEVEL = 0;
				GCC_PREPROCESSOR_DEFINITIONS = (
					"DEBUG=1",
					"$(inherited)",
				);
				GCC_WARN_64_TO_32_BIT_CONVERSION = YES;
				GCC_WARN_ABOUT_RETURN_TYPE = YES_ERROR;
				GCC_WARN_UNDECLARED_SELECTOR = YES;
				GCC_WARN_UNINITIALIZED_AUTOS = YES_AGGRESSIVE;
				GCC_WARN_UNUSED_FUNCTION = YES;
				GCC_WARN_UNUSED_VARIABLE = YES;
				IPHONEOS_DEPLOYMENT_TARGET = 16.0;
				MTL_ENABLE_DEBUG_INFO = INCLUDE_SOURCE;
				MTL_FAST_MATH = YES;
				ONLY_ACTIVE_ARCH = YES;
				SDKROOT = iphoneos;
				SWIFT_ACTIVE_COMPILATION_CONDITIONS = DEBUG;
				SWIFT_OPTIMIZATION_LEVEL = "-Onone";
			};
			name = Debug;
		};
		E9F1E49B29AE8F210033E29C /* Release */ = {
			isa = XCBuildConfiguration;
			buildSettings = {
				ALWAYS_SEARCH_USER_PATHS = NO;
				CLANG_ANALYZER_NONNULL = YES;
				CLANG_ANALYZER_NUMBER_OBJECT_CONVERSION = YES_AGGRESSIVE;
				CLANG_CXX_LANGUAGE_STANDARD = "gnu++20";
				CLANG_ENABLE_MODULES = YES;
				CLANG_ENABLE_OBJC_ARC = YES;
				CLANG_ENABLE_OBJC_WEAK = YES;
				CLANG_WARN_BLOCK_CAPTURE_AUTORELEASING = YES;
				CLANG_WARN_BOOL_CONVERSION = YES;
				CLANG_WARN_COMMA = YES;
				CLANG_WARN_CONSTANT_CONVERSION = YES;
				CLANG_WARN_DEPRECATED_OBJC_IMPLEMENTATIONS = YES;
				CLANG_WARN_DIRECT_OBJC_ISA_USAGE = YES_ERROR;
				CLANG_WARN_DOCUMENTATION_COMMENTS = YES;
				CLANG_WARN_EMPTY_BODY = YES;
				CLANG_WARN_ENUM_CONVERSION = YES;
				CLANG_WARN_INFINITE_RECURSION = YES;
				CLANG_WARN_INT_CONVERSION = YES;
				CLANG_WARN_NON_LITERAL_NULL_CONVERSION = YES;
				CLANG_WARN_OBJC_IMPLICIT_RETAIN_SELF = YES;
				CLANG_WARN_OBJC_LITERAL_CONVERSION = YES;
				CLANG_WARN_OBJC_ROOT_CLASS = YES_ERROR;
				CLANG_WARN_QUOTED_INCLUDE_IN_FRAMEWORK_HEADER = YES;
				CLANG_WARN_RANGE_LOOP_ANALYSIS = YES;
				CLANG_WARN_STRICT_PROTOTYPES = YES;
				CLANG_WARN_SUSPICIOUS_MOVE = YES;
				CLANG_WARN_UNGUARDED_AVAILABILITY = YES_AGGRESSIVE;
				CLANG_WARN_UNREACHABLE_CODE = YES;
				CLANG_WARN__DUPLICATE_METHOD_MATCH = YES;
				COPY_PHASE_STRIP = NO;
				DEBUG_INFORMATION_FORMAT = "dwarf-with-dsym";
				ENABLE_NS_ASSERTIONS = NO;
				ENABLE_STRICT_OBJC_MSGSEND = YES;
				GCC_C_LANGUAGE_STANDARD = gnu11;
				GCC_NO_COMMON_BLOCKS = YES;
				GCC_WARN_64_TO_32_BIT_CONVERSION = YES;
				GCC_WARN_ABOUT_RETURN_TYPE = YES_ERROR;
				GCC_WARN_UNDECLARED_SELECTOR = YES;
				GCC_WARN_UNINITIALIZED_AUTOS = YES_AGGRESSIVE;
				GCC_WARN_UNUSED_FUNCTION = YES;
				GCC_WARN_UNUSED_VARIABLE = YES;
				IPHONEOS_DEPLOYMENT_TARGET = 16.0;
				MTL_ENABLE_DEBUG_INFO = NO;
				MTL_FAST_MATH = YES;
				SDKROOT = iphoneos;
				SWIFT_COMPILATION_MODE = wholemodule;
				SWIFT_OPTIMIZATION_LEVEL = "-O";
				VALIDATE_PRODUCT = YES;
			};
			name = Release;
		};
		E9F1E49D29AE8F210033E29C /* Debug */ = {
			isa = XCBuildConfiguration;
			buildSettings = {
				ASSETCATALOG_COMPILER_APPICON_NAME = AppIcon;
				ASSETCATALOG_COMPILER_GLOBAL_ACCENT_COLOR_NAME = AccentColor;
				CODE_SIGN_STYLE = Automatic;
				CURRENT_PROJECT_VERSION = 1;
				DEVELOPMENT_TEAM = ATUBAYCUS7;
				GENERATE_INFOPLIST_FILE = YES;
				INFOPLIST_FILE = trustWalletChallenge/Info.plist;
				INFOPLIST_KEY_UIApplicationSupportsIndirectInputEvents = YES;
				INFOPLIST_KEY_UILaunchStoryboardName = LaunchScreen;
				INFOPLIST_KEY_UIMainStoryboardFile = Main;
				INFOPLIST_KEY_UISupportedInterfaceOrientations_iPad = "UIInterfaceOrientationPortrait UIInterfaceOrientationPortraitUpsideDown UIInterfaceOrientationLandscapeLeft UIInterfaceOrientationLandscapeRight";
				INFOPLIST_KEY_UISupportedInterfaceOrientations_iPhone = "UIInterfaceOrientationPortrait UIInterfaceOrientationLandscapeLeft UIInterfaceOrientationLandscapeRight";
				LD_RUNPATH_SEARCH_PATHS = (
					"$(inherited)",
					"@executable_path/Frameworks",
				);
				MARKETING_VERSION = 1.0;
				PRODUCT_BUNDLE_IDENTIFIER = com.Esteban.trustWalletChallenge;
				PRODUCT_NAME = "$(TARGET_NAME)";
				SWIFT_EMIT_LOC_STRINGS = YES;
				SWIFT_VERSION = 5.0;
				TARGETED_DEVICE_FAMILY = "1,2";
			};
			name = Debug;
		};
		E9F1E49E29AE8F210033E29C /* Release */ = {
			isa = XCBuildConfiguration;
			buildSettings = {
				ASSETCATALOG_COMPILER_APPICON_NAME = AppIcon;
				ASSETCATALOG_COMPILER_GLOBAL_ACCENT_COLOR_NAME = AccentColor;
				CODE_SIGN_STYLE = Automatic;
				CURRENT_PROJECT_VERSION = 1;
				DEVELOPMENT_TEAM = ATUBAYCUS7;
				GENERATE_INFOPLIST_FILE = YES;
				INFOPLIST_FILE = trustWalletChallenge/Info.plist;
				INFOPLIST_KEY_UIApplicationSupportsIndirectInputEvents = YES;
				INFOPLIST_KEY_UILaunchStoryboardName = LaunchScreen;
				INFOPLIST_KEY_UIMainStoryboardFile = Main;
				INFOPLIST_KEY_UISupportedInterfaceOrientations_iPad = "UIInterfaceOrientationPortrait UIInterfaceOrientationPortraitUpsideDown UIInterfaceOrientationLandscapeLeft UIInterfaceOrientationLandscapeRight";
				INFOPLIST_KEY_UISupportedInterfaceOrientations_iPhone = "UIInterfaceOrientationPortrait UIInterfaceOrientationLandscapeLeft UIInterfaceOrientationLandscapeRight";
				LD_RUNPATH_SEARCH_PATHS = (
					"$(inherited)",
					"@executable_path/Frameworks",
				);
				MARKETING_VERSION = 1.0;
				PRODUCT_BUNDLE_IDENTIFIER = com.Esteban.trustWalletChallenge;
				PRODUCT_NAME = "$(TARGET_NAME)";
				SWIFT_EMIT_LOC_STRINGS = YES;
				SWIFT_VERSION = 5.0;
				TARGETED_DEVICE_FAMILY = "1,2";
			};
			name = Release;
		};
		E9F1E4A029AE8F210033E29C /* Debug */ = {
			isa = XCBuildConfiguration;
			buildSettings = {
				ALWAYS_EMBED_SWIFT_STANDARD_LIBRARIES = YES;
				BUNDLE_LOADER = "$(TEST_HOST)";
				CODE_SIGN_STYLE = Automatic;
				CURRENT_PROJECT_VERSION = 1;
				DEVELOPMENT_TEAM = ATUBAYCUS7;
				GENERATE_INFOPLIST_FILE = YES;
				IPHONEOS_DEPLOYMENT_TARGET = 16.0;
				MARKETING_VERSION = 1.0;
				PRODUCT_BUNDLE_IDENTIFIER = com.Esteban.trustWalletChallengeTests;
				PRODUCT_NAME = "$(TARGET_NAME)";
				SWIFT_EMIT_LOC_STRINGS = NO;
				SWIFT_VERSION = 5.0;
				TARGETED_DEVICE_FAMILY = "1,2";
				TEST_HOST = "$(BUILT_PRODUCTS_DIR)/trustWalletChallenge.app/$(BUNDLE_EXECUTABLE_FOLDER_PATH)/trustWalletChallenge";
			};
			name = Debug;
		};
		E9F1E4A129AE8F210033E29C /* Release */ = {
			isa = XCBuildConfiguration;
			buildSettings = {
				ALWAYS_EMBED_SWIFT_STANDARD_LIBRARIES = YES;
				BUNDLE_LOADER = "$(TEST_HOST)";
				CODE_SIGN_STYLE = Automatic;
				CURRENT_PROJECT_VERSION = 1;
				DEVELOPMENT_TEAM = ATUBAYCUS7;
				GENERATE_INFOPLIST_FILE = YES;
				IPHONEOS_DEPLOYMENT_TARGET = 16.0;
				MARKETING_VERSION = 1.0;
				PRODUCT_BUNDLE_IDENTIFIER = com.Esteban.trustWalletChallengeTests;
				PRODUCT_NAME = "$(TARGET_NAME)";
				SWIFT_EMIT_LOC_STRINGS = NO;
				SWIFT_VERSION = 5.0;
				TARGETED_DEVICE_FAMILY = "1,2";
				TEST_HOST = "$(BUILT_PRODUCTS_DIR)/trustWalletChallenge.app/$(BUNDLE_EXECUTABLE_FOLDER_PATH)/trustWalletChallenge";
			};
			name = Release;
		};
		E9F1E4A329AE8F210033E29C /* Debug */ = {
			isa = XCBuildConfiguration;
			buildSettings = {
				ALWAYS_EMBED_SWIFT_STANDARD_LIBRARIES = YES;
				CODE_SIGN_STYLE = Automatic;
				CURRENT_PROJECT_VERSION = 1;
				DEVELOPMENT_TEAM = ATUBAYCUS7;
				GENERATE_INFOPLIST_FILE = YES;
				MARKETING_VERSION = 1.0;
				PRODUCT_BUNDLE_IDENTIFIER = com.Esteban.trustWalletChallengeUITests;
				PRODUCT_NAME = "$(TARGET_NAME)";
				SWIFT_EMIT_LOC_STRINGS = NO;
				SWIFT_VERSION = 5.0;
				TARGETED_DEVICE_FAMILY = "1,2";
				TEST_TARGET_NAME = trustWalletChallenge;
			};
			name = Debug;
		};
		E9F1E4A429AE8F210033E29C /* Release */ = {
			isa = XCBuildConfiguration;
			buildSettings = {
				ALWAYS_EMBED_SWIFT_STANDARD_LIBRARIES = YES;
				CODE_SIGN_STYLE = Automatic;
				CURRENT_PROJECT_VERSION = 1;
				DEVELOPMENT_TEAM = ATUBAYCUS7;
				GENERATE_INFOPLIST_FILE = YES;
				MARKETING_VERSION = 1.0;
				PRODUCT_BUNDLE_IDENTIFIER = com.Esteban.trustWalletChallengeUITests;
				PRODUCT_NAME = "$(TARGET_NAME)";
				SWIFT_EMIT_LOC_STRINGS = NO;
				SWIFT_VERSION = 5.0;
				TARGETED_DEVICE_FAMILY = "1,2";
				TEST_TARGET_NAME = trustWalletChallenge;
			};
			name = Release;
		};
/* End XCBuildConfiguration section */

/* Begin XCConfigurationList section */
		E9F1E46D29AE8F200033E29C /* Build configuration list for PBXProject "trustWalletChallenge" */ = {
			isa = XCConfigurationList;
			buildConfigurations = (
				E9F1E49A29AE8F210033E29C /* Debug */,
				E9F1E49B29AE8F210033E29C /* Release */,
			);
			defaultConfigurationIsVisible = 0;
			defaultConfigurationName = Release;
		};
		E9F1E49C29AE8F210033E29C /* Build configuration list for PBXNativeTarget "trustWalletChallenge" */ = {
			isa = XCConfigurationList;
			buildConfigurations = (
				E9F1E49D29AE8F210033E29C /* Debug */,
				E9F1E49E29AE8F210033E29C /* Release */,
			);
			defaultConfigurationIsVisible = 0;
			defaultConfigurationName = Release;
		};
		E9F1E49F29AE8F210033E29C /* Build configuration list for PBXNativeTarget "trustWalletChallengeTests" */ = {
			isa = XCConfigurationList;
			buildConfigurations = (
				E9F1E4A029AE8F210033E29C /* Debug */,
				E9F1E4A129AE8F210033E29C /* Release */,
			);
			defaultConfigurationIsVisible = 0;
			defaultConfigurationName = Release;
		};
		E9F1E4A229AE8F210033E29C /* Build configuration list for PBXNativeTarget "trustWalletChallengeUITests" */ = {
			isa = XCConfigurationList;
			buildConfigurations = (
				E9F1E4A329AE8F210033E29C /* Debug */,
				E9F1E4A429AE8F210033E29C /* Release */,
			);
			defaultConfigurationIsVisible = 0;
			defaultConfigurationName = Release;
		};
/* End XCConfigurationList section */
	};
	rootObject = E9F1E46A29AE8F200033E29C /* Project object */;
}
